// !$*UTF8*$!
{
	archiveVersion = 1;
	classes = {
	};
	objectVersion = 46;
	objects = {

/* Begin PBXBuildFile section */
		E5996E3D1B848DD30002B8A5 /* LGGSessionNetEngine.m in Sources */ = {isa = PBXBuildFile; fileRef = E5996E3C1B848DD30002B8A5 /* LGGSessionNetEngine.m */; };
		F5754CBD1B7837C40005FEB1 /* main.m in Sources */ = {isa = PBXBuildFile; fileRef = F5754CBC1B7837C40005FEB1 /* main.m */; };
		F5754CC01B7837C40005FEB1 /* AppDelegate.m in Sources */ = {isa = PBXBuildFile; fileRef = F5754CBF1B7837C40005FEB1 /* AppDelegate.m */; };
		F5754CC31B7837C40005FEB1 /* ViewController.m in Sources */ = {isa = PBXBuildFile; fileRef = F5754CC21B7837C40005FEB1 /* ViewController.m */; };
		F5754CC61B7837C40005FEB1 /* Main.storyboard in Resources */ = {isa = PBXBuildFile; fileRef = F5754CC41B7837C40005FEB1 /* Main.storyboard */; };
		F5754CC81B7837C40005FEB1 /* Images.xcassets in Resources */ = {isa = PBXBuildFile; fileRef = F5754CC71B7837C40005FEB1 /* Images.xcassets */; };
		F5754CCB1B7837C40005FEB1 /* LaunchScreen.xib in Resources */ = {isa = PBXBuildFile; fileRef = F5754CC91B7837C40005FEB1 /* LaunchScreen.xib */; };
		F5754CD71B7837C40005FEB1 /* LGGNetworkTests.m in Sources */ = {isa = PBXBuildFile; fileRef = F5754CD61B7837C40005FEB1 /* LGGNetworkTests.m */; };
		F5754CE31B783C7A0005FEB1 /* LGGNetEngine.m in Sources */ = {isa = PBXBuildFile; fileRef = F5754CE21B783C7A0005FEB1 /* LGGNetEngine.m */; };
		F5754CF81B783DB00005FEB1 /* AFHTTPRequestOperation.m in Sources */ = {isa = PBXBuildFile; fileRef = F5754CE61B783DB00005FEB1 /* AFHTTPRequestOperation.m */; };
		F5754CF91B783DB00005FEB1 /* AFHTTPRequestOperationManager.m in Sources */ = {isa = PBXBuildFile; fileRef = F5754CE81B783DB00005FEB1 /* AFHTTPRequestOperationManager.m */; };
		F5754CFA1B783DB00005FEB1 /* AFHTTPSessionManager.m in Sources */ = {isa = PBXBuildFile; fileRef = F5754CEA1B783DB00005FEB1 /* AFHTTPSessionManager.m */; };
		F5754CFB1B783DB00005FEB1 /* AFNetworkReachabilityManager.m in Sources */ = {isa = PBXBuildFile; fileRef = F5754CED1B783DB00005FEB1 /* AFNetworkReachabilityManager.m */; };
		F5754CFC1B783DB00005FEB1 /* AFSecurityPolicy.m in Sources */ = {isa = PBXBuildFile; fileRef = F5754CEF1B783DB00005FEB1 /* AFSecurityPolicy.m */; };
		F5754CFD1B783DB00005FEB1 /* AFURLConnectionOperation.m in Sources */ = {isa = PBXBuildFile; fileRef = F5754CF11B783DB00005FEB1 /* AFURLConnectionOperation.m */; };
		F5754CFE1B783DB00005FEB1 /* AFURLRequestSerialization.m in Sources */ = {isa = PBXBuildFile; fileRef = F5754CF31B783DB00005FEB1 /* AFURLRequestSerialization.m */; };
		F5754CFF1B783DB00005FEB1 /* AFURLResponseSerialization.m in Sources */ = {isa = PBXBuildFile; fileRef = F5754CF51B783DB00005FEB1 /* AFURLResponseSerialization.m */; };
		F5754D001B783DB00005FEB1 /* AFURLSessionManager.m in Sources */ = {isa = PBXBuildFile; fileRef = F5754CF71B783DB00005FEB1 /* AFURLSessionManager.m */; };
/* End PBXBuildFile section */

/* Begin PBXContainerItemProxy section */
		F5754CD11B7837C40005FEB1 /* PBXContainerItemProxy */ = {
			isa = PBXContainerItemProxy;
			containerPortal = F5754CAF1B7837C40005FEB1 /* Project object */;
			proxyType = 1;
			remoteGlobalIDString = F5754CB61B7837C40005FEB1;
			remoteInfo = LGGNetwork;
		};
/* End PBXContainerItemProxy section */

/* Begin PBXFileReference section */
		E5996E3B1B848DD30002B8A5 /* LGGSessionNetEngine.h */ = {isa = PBXFileReference; fileEncoding = 4; lastKnownFileType = sourcecode.c.h; path = LGGSessionNetEngine.h; sourceTree = "<group>"; };
		E5996E3C1B848DD30002B8A5 /* LGGSessionNetEngine.m */ = {isa = PBXFileReference; fileEncoding = 4; lastKnownFileType = sourcecode.c.objc; path = LGGSessionNetEngine.m; sourceTree = "<group>"; };
		F5754CB71B7837C40005FEB1 /* LGGNetwork.app */ = {isa = PBXFileReference; explicitFileType = wrapper.application; includeInIndex = 0; path = LGGNetwork.app; sourceTree = BUILT_PRODUCTS_DIR; };
		F5754CBB1B7837C40005FEB1 /* Info.plist */ = {isa = PBXFileReference; lastKnownFileType = text.plist.xml; path = Info.plist; sourceTree = "<group>"; };
		F5754CBC1B7837C40005FEB1 /* main.m */ = {isa = PBXFileReference; lastKnownFileType = sourcecode.c.objc; path = main.m; sourceTree = "<group>"; };
		F5754CBE1B7837C40005FEB1 /* AppDelegate.h */ = {isa = PBXFileReference; lastKnownFileType = sourcecode.c.h; path = AppDelegate.h; sourceTree = "<group>"; };
		F5754CBF1B7837C40005FEB1 /* AppDelegate.m */ = {isa = PBXFileReference; lastKnownFileType = sourcecode.c.objc; path = AppDelegate.m; sourceTree = "<group>"; };
		F5754CC11B7837C40005FEB1 /* ViewController.h */ = {isa = PBXFileReference; lastKnownFileType = sourcecode.c.h; path = ViewController.h; sourceTree = "<group>"; };
		F5754CC21B7837C40005FEB1 /* ViewController.m */ = {isa = PBXFileReference; lastKnownFileType = sourcecode.c.objc; path = ViewController.m; sourceTree = "<group>"; };
		F5754CC51B7837C40005FEB1 /* Base */ = {isa = PBXFileReference; lastKnownFileType = file.storyboard; name = Base; path = Base.lproj/Main.storyboard; sourceTree = "<group>"; };
		F5754CC71B7837C40005FEB1 /* Images.xcassets */ = {isa = PBXFileReference; lastKnownFileType = folder.assetcatalog; path = Images.xcassets; sourceTree = "<group>"; };
		F5754CCA1B7837C40005FEB1 /* Base */ = {isa = PBXFileReference; lastKnownFileType = file.xib; name = Base; path = Base.lproj/LaunchScreen.xib; sourceTree = "<group>"; };
		F5754CD01B7837C40005FEB1 /* LGGNetworkTests.xctest */ = {isa = PBXFileReference; explicitFileType = wrapper.cfbundle; includeInIndex = 0; path = LGGNetworkTests.xctest; sourceTree = BUILT_PRODUCTS_DIR; };
		F5754CD51B7837C40005FEB1 /* Info.plist */ = {isa = PBXFileReference; lastKnownFileType = text.plist.xml; path = Info.plist; sourceTree = "<group>"; };
		F5754CD61B7837C40005FEB1 /* LGGNetworkTests.m */ = {isa = PBXFileReference; lastKnownFileType = sourcecode.c.objc; path = LGGNetworkTests.m; sourceTree = "<group>"; };
		F5754CE11B783C7A0005FEB1 /* LGGNetEngine.h */ = {isa = PBXFileReference; fileEncoding = 4; lastKnownFileType = sourcecode.c.h; path = LGGNetEngine.h; sourceTree = "<group>"; };
		F5754CE21B783C7A0005FEB1 /* LGGNetEngine.m */ = {isa = PBXFileReference; fileEncoding = 4; lastKnownFileType = sourcecode.c.objc; path = LGGNetEngine.m; sourceTree = "<group>"; };
		F5754CE51B783DB00005FEB1 /* AFHTTPRequestOperation.h */ = {isa = PBXFileReference; fileEncoding = 4; lastKnownFileType = sourcecode.c.h; path = AFHTTPRequestOperation.h; sourceTree = "<group>"; };
		F5754CE61B783DB00005FEB1 /* AFHTTPRequestOperation.m */ = {isa = PBXFileReference; fileEncoding = 4; lastKnownFileType = sourcecode.c.objc; path = AFHTTPRequestOperation.m; sourceTree = "<group>"; };
		F5754CE71B783DB00005FEB1 /* AFHTTPRequestOperationManager.h */ = {isa = PBXFileReference; fileEncoding = 4; lastKnownFileType = sourcecode.c.h; path = AFHTTPRequestOperationManager.h; sourceTree = "<group>"; };
		F5754CE81B783DB00005FEB1 /* AFHTTPRequestOperationManager.m */ = {isa = PBXFileReference; fileEncoding = 4; lastKnownFileType = sourcecode.c.objc; path = AFHTTPRequestOperationManager.m; sourceTree = "<group>"; };
		F5754CE91B783DB00005FEB1 /* AFHTTPSessionManager.h */ = {isa = PBXFileReference; fileEncoding = 4; lastKnownFileType = sourcecode.c.h; path = AFHTTPSessionManager.h; sourceTree = "<group>"; };
		F5754CEA1B783DB00005FEB1 /* AFHTTPSessionManager.m */ = {isa = PBXFileReference; fileEncoding = 4; lastKnownFileType = sourcecode.c.objc; path = AFHTTPSessionManager.m; sourceTree = "<group>"; };
		F5754CEB1B783DB00005FEB1 /* AFNetworking.h */ = {isa = PBXFileReference; fileEncoding = 4; lastKnownFileType = sourcecode.c.h; path = AFNetworking.h; sourceTree = "<group>"; };
		F5754CEC1B783DB00005FEB1 /* AFNetworkReachabilityManager.h */ = {isa = PBXFileReference; fileEncoding = 4; lastKnownFileType = sourcecode.c.h; path = AFNetworkReachabilityManager.h; sourceTree = "<group>"; };
		F5754CED1B783DB00005FEB1 /* AFNetworkReachabilityManager.m */ = {isa = PBXFileReference; fileEncoding = 4; lastKnownFileType = sourcecode.c.objc; path = AFNetworkReachabilityManager.m; sourceTree = "<group>"; };
		F5754CEE1B783DB00005FEB1 /* AFSecurityPolicy.h */ = {isa = PBXFileReference; fileEncoding = 4; lastKnownFileType = sourcecode.c.h; path = AFSecurityPolicy.h; sourceTree = "<group>"; };
		F5754CEF1B783DB00005FEB1 /* AFSecurityPolicy.m */ = {isa = PBXFileReference; fileEncoding = 4; lastKnownFileType = sourcecode.c.objc; path = AFSecurityPolicy.m; sourceTree = "<group>"; };
		F5754CF01B783DB00005FEB1 /* AFURLConnectionOperation.h */ = {isa = PBXFileReference; fileEncoding = 4; lastKnownFileType = sourcecode.c.h; path = AFURLConnectionOperation.h; sourceTree = "<group>"; };
		F5754CF11B783DB00005FEB1 /* AFURLConnectionOperation.m */ = {isa = PBXFileReference; fileEncoding = 4; lastKnownFileType = sourcecode.c.objc; path = AFURLConnectionOperation.m; sourceTree = "<group>"; };
		F5754CF21B783DB00005FEB1 /* AFURLRequestSerialization.h */ = {isa = PBXFileReference; fileEncoding = 4; lastKnownFileType = sourcecode.c.h; path = AFURLRequestSerialization.h; sourceTree = "<group>"; };
		F5754CF31B783DB00005FEB1 /* AFURLRequestSerialization.m */ = {isa = PBXFileReference; fileEncoding = 4; lastKnownFileType = sourcecode.c.objc; path = AFURLRequestSerialization.m; sourceTree = "<group>"; };
		F5754CF41B783DB00005FEB1 /* AFURLResponseSerialization.h */ = {isa = PBXFileReference; fileEncoding = 4; lastKnownFileType = sourcecode.c.h; path = AFURLResponseSerialization.h; sourceTree = "<group>"; };
		F5754CF51B783DB00005FEB1 /* AFURLResponseSerialization.m */ = {isa = PBXFileReference; fileEncoding = 4; lastKnownFileType = sourcecode.c.objc; path = AFURLResponseSerialization.m; sourceTree = "<group>"; };
		F5754CF61B783DB00005FEB1 /* AFURLSessionManager.h */ = {isa = PBXFileReference; fileEncoding = 4; lastKnownFileType = sourcecode.c.h; path = AFURLSessionManager.h; sourceTree = "<group>"; };
		F5754CF71B783DB00005FEB1 /* AFURLSessionManager.m */ = {isa = PBXFileReference; fileEncoding = 4; lastKnownFileType = sourcecode.c.objc; path = AFURLSessionManager.m; sourceTree = "<group>"; };
/* End PBXFileReference section */

/* Begin PBXFrameworksBuildPhase section */
		F5754CB41B7837C40005FEB1 /* Frameworks */ = {
			isa = PBXFrameworksBuildPhase;
			buildActionMask = 2147483647;
			files = (
			);
			runOnlyForDeploymentPostprocessing = 0;
		};
		F5754CCD1B7837C40005FEB1 /* Frameworks */ = {
			isa = PBXFrameworksBuildPhase;
			buildActionMask = 2147483647;
			files = (
			);
			runOnlyForDeploymentPostprocessing = 0;
		};
/* End PBXFrameworksBuildPhase section */

/* Begin PBXGroup section */
		F5754CAE1B7837C40005FEB1 = {
			isa = PBXGroup;
			children = (
				F5754CB91B7837C40005FEB1 /* LGGNetwork */,
				F5754CD31B7837C40005FEB1 /* LGGNetworkTests */,
				F5754CB81B7837C40005FEB1 /* Products */,
			);
			sourceTree = "<group>";
		};
		F5754CB81B7837C40005FEB1 /* Products */ = {
			isa = PBXGroup;
			children = (
				F5754CB71B7837C40005FEB1 /* LGGNetwork.app */,
				F5754CD01B7837C40005FEB1 /* LGGNetworkTests.xctest */,
			);
			name = Products;
			sourceTree = "<group>";
		};
		F5754CB91B7837C40005FEB1 /* LGGNetwork */ = {
			isa = PBXGroup;
			children = (
				F5754CE41B783DB00005FEB1 /* AFNetworking */,
				F5754CE01B783C330005FEB1 /* LGGNetEngine */,
				F5754CBE1B7837C40005FEB1 /* AppDelegate.h */,
				F5754CBF1B7837C40005FEB1 /* AppDelegate.m */,
				F5754CC11B7837C40005FEB1 /* ViewController.h */,
				F5754CC21B7837C40005FEB1 /* ViewController.m */,
				F5754CC41B7837C40005FEB1 /* Main.storyboard */,
				F5754CC71B7837C40005FEB1 /* Images.xcassets */,
				F5754CC91B7837C40005FEB1 /* LaunchScreen.xib */,
				F5754CBA1B7837C40005FEB1 /* Supporting Files */,
			);
			path = LGGNetwork;
			sourceTree = "<group>";
		};
		F5754CBA1B7837C40005FEB1 /* Supporting Files */ = {
			isa = PBXGroup;
			children = (
				F5754CBB1B7837C40005FEB1 /* Info.plist */,
				F5754CBC1B7837C40005FEB1 /* main.m */,
			);
			name = "Supporting Files";
			sourceTree = "<group>";
		};
		F5754CD31B7837C40005FEB1 /* LGGNetworkTests */ = {
			isa = PBXGroup;
			children = (
				F5754CD61B7837C40005FEB1 /* LGGNetworkTests.m */,
				F5754CD41B7837C40005FEB1 /* Supporting Files */,
			);
			path = LGGNetworkTests;
			sourceTree = "<group>";
		};
		F5754CD41B7837C40005FEB1 /* Supporting Files */ = {
			isa = PBXGroup;
			children = (
				F5754CD51B7837C40005FEB1 /* Info.plist */,
			);
			name = "Supporting Files";
			sourceTree = "<group>";
		};
		F5754CE01B783C330005FEB1 /* LGGNetEngine */ = {
			isa = PBXGroup;
			children = (
				F5754CE11B783C7A0005FEB1 /* LGGNetEngine.h */,
				F5754CE21B783C7A0005FEB1 /* LGGNetEngine.m */,
				E5996E3B1B848DD30002B8A5 /* LGGSessionNetEngine.h */,
				E5996E3C1B848DD30002B8A5 /* LGGSessionNetEngine.m */,
			);
			path = LGGNetEngine;
			sourceTree = "<group>";
		};
		F5754CE41B783DB00005FEB1 /* AFNetworking */ = {
			isa = PBXGroup;
			children = (
				F5754CE51B783DB00005FEB1 /* AFHTTPRequestOperation.h */,
				F5754CE61B783DB00005FEB1 /* AFHTTPRequestOperation.m */,
				F5754CE71B783DB00005FEB1 /* AFHTTPRequestOperationManager.h */,
				F5754CE81B783DB00005FEB1 /* AFHTTPRequestOperationManager.m */,
				F5754CE91B783DB00005FEB1 /* AFHTTPSessionManager.h */,
				F5754CEA1B783DB00005FEB1 /* AFHTTPSessionManager.m */,
				F5754CEB1B783DB00005FEB1 /* AFNetworking.h */,
				F5754CEC1B783DB00005FEB1 /* AFNetworkReachabilityManager.h */,
				F5754CED1B783DB00005FEB1 /* AFNetworkReachabilityManager.m */,
				F5754CEE1B783DB00005FEB1 /* AFSecurityPolicy.h */,
				F5754CEF1B783DB00005FEB1 /* AFSecurityPolicy.m */,
				F5754CF01B783DB00005FEB1 /* AFURLConnectionOperation.h */,
				F5754CF11B783DB00005FEB1 /* AFURLConnectionOperation.m */,
				F5754CF21B783DB00005FEB1 /* AFURLRequestSerialization.h */,
				F5754CF31B783DB00005FEB1 /* AFURLRequestSerialization.m */,
				F5754CF41B783DB00005FEB1 /* AFURLResponseSerialization.h */,
				F5754CF51B783DB00005FEB1 /* AFURLResponseSerialization.m */,
				F5754CF61B783DB00005FEB1 /* AFURLSessionManager.h */,
				F5754CF71B783DB00005FEB1 /* AFURLSessionManager.m */,
			);
			path = AFNetworking;
			sourceTree = "<group>";
		};
/* End PBXGroup section */

/* Begin PBXNativeTarget section */
		F5754CB61B7837C40005FEB1 /* LGGNetwork */ = {
			isa = PBXNativeTarget;
			buildConfigurationList = F5754CDA1B7837C40005FEB1 /* Build configuration list for PBXNativeTarget "LGGNetwork" */;
			buildPhases = (
				F5754CB31B7837C40005FEB1 /* Sources */,
				F5754CB41B7837C40005FEB1 /* Frameworks */,
				F5754CB51B7837C40005FEB1 /* Resources */,
			);
			buildRules = (
			);
			dependencies = (
			);
			name = LGGNetwork;
			productName = LGGNetwork;
			productReference = F5754CB71B7837C40005FEB1 /* LGGNetwork.app */;
			productType = "com.apple.product-type.application";
		};
		F5754CCF1B7837C40005FEB1 /* LGGNetworkTests */ = {
			isa = PBXNativeTarget;
			buildConfigurationList = F5754CDD1B7837C40005FEB1 /* Build configuration list for PBXNativeTarget "LGGNetworkTests" */;
			buildPhases = (
				F5754CCC1B7837C40005FEB1 /* Sources */,
				F5754CCD1B7837C40005FEB1 /* Frameworks */,
				F5754CCE1B7837C40005FEB1 /* Resources */,
			);
			buildRules = (
			);
			dependencies = (
				F5754CD21B7837C40005FEB1 /* PBXTargetDependency */,
			);
			name = LGGNetworkTests;
			productName = LGGNetworkTests;
			productReference = F5754CD01B7837C40005FEB1 /* LGGNetworkTests.xctest */;
			productType = "com.apple.product-type.bundle.unit-test";
		};
/* End PBXNativeTarget section */

/* Begin PBXProject section */
		F5754CAF1B7837C40005FEB1 /* Project object */ = {
			isa = PBXProject;
			attributes = {
				LastUpgradeCheck = 0640;
				ORGANIZATIONNAME = GirliOS;
				TargetAttributes = {
					F5754CB61B7837C40005FEB1 = {
						CreatedOnToolsVersion = 6.4;
					};
					F5754CCF1B7837C40005FEB1 = {
						CreatedOnToolsVersion = 6.4;
						TestTargetID = F5754CB61B7837C40005FEB1;
					};
				};
			};
			buildConfigurationList = F5754CB21B7837C40005FEB1 /* Build configuration list for PBXProject "LGGNetwork" */;
			compatibilityVersion = "Xcode 3.2";
			developmentRegion = English;
			hasScannedForEncodings = 0;
			knownRegions = (
				en,
				Base,
			);
			mainGroup = F5754CAE1B7837C40005FEB1;
			productRefGroup = F5754CB81B7837C40005FEB1 /* Products */;
			projectDirPath = "";
			projectRoot = "";
			targets = (
				F5754CB61B7837C40005FEB1 /* LGGNetwork */,
				F5754CCF1B7837C40005FEB1 /* LGGNetworkTests */,
			);
		};
/* End PBXProject section */

/* Begin PBXResourcesBuildPhase section */
		F5754CB51B7837C40005FEB1 /* Resources */ = {
			isa = PBXResourcesBuildPhase;
			buildActionMask = 2147483647;
			files = (
				F5754CC61B7837C40005FEB1 /* Main.storyboard in Resources */,
				F5754CCB1B7837C40005FEB1 /* LaunchScreen.xib in Resources */,
				F5754CC81B7837C40005FEB1 /* Images.xcassets in Resources */,
			);
			runOnlyForDeploymentPostprocessing = 0;
		};
		F5754CCE1B7837C40005FEB1 /* Resources */ = {
			isa = PBXResourcesBuildPhase;
			buildActionMask = 2147483647;
			files = (
			);
			runOnlyForDeploymentPostprocessing = 0;
		};
/* End PBXResourcesBuildPhase section */

/* Begin PBXSourcesBuildPhase section */
		F5754CB31B7837C40005FEB1 /* Sources */ = {
			isa = PBXSourcesBuildPhase;
			buildActionMask = 2147483647;
			files = (
				F5754CE31B783C7A0005FEB1 /* LGGNetEngine.m in Sources */,
				F5754CFC1B783DB00005FEB1 /* AFSecurityPolicy.m in Sources */,
				E5996E3D1B848DD30002B8A5 /* LGGSessionNetEngine.m in Sources */,
				F5754CC31B7837C40005FEB1 /* ViewController.m in Sources */,
				F5754CF91B783DB00005FEB1 /* AFHTTPRequestOperationManager.m in Sources */,
				F5754CFD1B783DB00005FEB1 /* AFURLConnectionOperation.m in Sources */,
				F5754CF81B783DB00005FEB1 /* AFHTTPRequestOperation.m in Sources */,
				F5754CC01B7837C40005FEB1 /* AppDelegate.m in Sources */,
				F5754CFE1B783DB00005FEB1 /* AFURLRequestSerialization.m in Sources */,
				F5754CFA1B783DB00005FEB1 /* AFHTTPSessionManager.m in Sources */,
				F5754CFB1B783DB00005FEB1 /* AFNetworkReachabilityManager.m in Sources */,
				F5754CFF1B783DB00005FEB1 /* AFURLResponseSerialization.m in Sources */,
				F5754D001B783DB00005FEB1 /* AFURLSessionManager.m in Sources */,
				F5754CBD1B7837C40005FEB1 /* main.m in Sources */,
			);
			runOnlyForDeploymentPostprocessing = 0;
		};
		F5754CCC1B7837C40005FEB1 /* Sources */ = {
			isa = PBXSourcesBuildPhase;
			buildActionMask = 2147483647;
			files = (
				F5754CD71B7837C40005FEB1 /* LGGNetworkTests.m in Sources */,
			);
			runOnlyForDeploymentPostprocessing = 0;
		};
/* End PBXSourcesBuildPhase section */

/* Begin PBXTargetDependency section */
		F5754CD21B7837C40005FEB1 /* PBXTargetDependency */ = {
			isa = PBXTargetDependency;
			target = F5754CB61B7837C40005FEB1 /* LGGNetwork */;
			targetProxy = F5754CD11B7837C40005FEB1 /* PBXContainerItemProxy */;
		};
/* End PBXTargetDependency section */

/* Begin PBXVariantGroup section */
		F5754CC41B7837C40005FEB1 /* Main.storyboard */ = {
			isa = PBXVariantGroup;
			children = (
				F5754CC51B7837C40005FEB1 /* Base */,
			);
			name = Main.storyboard;
			sourceTree = "<group>";
		};
		F5754CC91B7837C40005FEB1 /* LaunchScreen.xib */ = {
			isa = PBXVariantGroup;
			children = (
				F5754CCA1B7837C40005FEB1 /* Base */,
			);
			name = LaunchScreen.xib;
			sourceTree = "<group>";
		};
/* End PBXVariantGroup section */

/* Begin XCBuildConfiguration section */
		F5754CD81B7837C40005FEB1 /* Debug */ = {
			isa = XCBuildConfiguration;
			buildSettings = {
				ALWAYS_SEARCH_USER_PATHS = NO;
				CLANG_CXX_LANGUAGE_STANDARD = "gnu++0x";
				CLANG_CXX_LIBRARY = "libc++";
				CLANG_ENABLE_MODULES = YES;
				CLANG_ENABLE_OBJC_ARC = YES;
				CLANG_WARN_BOOL_CONVERSION = YES;
				CLANG_WARN_CONSTANT_CONVERSION = YES;
				CLANG_WARN_DIRECT_OBJC_ISA_USAGE = YES_ERROR;
				CLANG_WARN_EMPTY_BODY = YES;
				CLANG_WARN_ENUM_CONVERSION = YES;
				CLANG_WARN_INT_CONVERSION = YES;
				CLANG_WARN_OBJC_ROOT_CLASS = YES_ERROR;
				CLANG_WARN_UNREACHABLE_CODE = YES;
				CLANG_WARN__DUPLICATE_METHOD_MATCH = YES;
				"CODE_SIGN_IDENTITY[sdk=iphoneos*]" = "iPhone Developer";
				COPY_PHASE_STRIP = NO;
				DEBUG_INFORMATION_FORMAT = "dwarf-with-dsym";
				ENABLE_STRICT_OBJC_MSGSEND = YES;
				GCC_C_LANGUAGE_STANDARD = gnu99;
				GCC_DYNAMIC_NO_PIC = NO;
				GCC_NO_COMMON_BLOCKS = YES;
				GCC_OPTIMIZATION_LEVEL = 0;
				GCC_PREPROCESSOR_DEFINITIONS = (
					"DEBUG=1",
					"$(inherited)",
				);
				GCC_SYMBOLS_PRIVATE_EXTERN = NO;
				GCC_WARN_64_TO_32_BIT_CONVERSION = YES;
				GCC_WARN_ABOUT_RETURN_TYPE = YES_ERROR;
				GCC_WARN_UNDECLARED_SELECTOR = YES;
				GCC_WARN_UNINITIALIZED_AUTOS = YES_AGGRESSIVE;
				GCC_WARN_UNUSED_FUNCTION = YES;
				GCC_WARN_UNUSED_VARIABLE = YES;
				IPHONEOS_DEPLOYMENT_TARGET = 8.4;
				MTL_ENABLE_DEBUG_INFO = YES;
				ONLY_ACTIVE_ARCH = YES;
				SDKROOT = iphoneos;
			};
			name = Debug;
		};
		F5754CD91B7837C40005FEB1 /* Release */ = {
			isa = XCBuildConfiguration;
			buildSettings = {
				ALWAYS_SEARCH_USER_PATHS = NO;
				CLANG_CXX_LANGUAGE_STANDARD = "gnu++0x";
				CLANG_CXX_LIBRARY = "libc++";
				CLANG_ENABLE_MODULES = YES;
				CLANG_ENABLE_OBJC_ARC = YES;
				CLANG_WARN_BOOL_CONVERSION = YES;
				CLANG_WARN_CONSTANT_CONVERSION = YES;
				CLANG_WARN_DIRECT_OBJC_ISA_USAGE = YES_ERROR;
				CLANG_WARN_EMPTY_BODY = YES;
				CLANG_WARN_ENUM_CONVERSION = YES;
				CLANG_WARN_INT_CONVERSION = YES;
				CLANG_WARN_OBJC_ROOT_CLASS = YES_ERROR;
				CLANG_WARN_UNREACHABLE_CODE = YES;
				CLANG_WARN__DUPLICATE_METHOD_MATCH = YES;
				"CODE_SIGN_IDENTITY[sdk=iphoneos*]" = "iPhone Developer";
				COPY_PHASE_STRIP = NO;
				DEBUG_INFORMATION_FORMAT = "dwarf-with-dsym";
				ENABLE_NS_ASSERTIONS = NO;
				ENABLE_STRICT_OBJC_MSGSEND = YES;
				GCC_C_LANGUAGE_STANDARD = gnu99;
				GCC_NO_COMMON_BLOCKS = YES;
				GCC_WARN_64_TO_32_BIT_CONVERSION = YES;
				GCC_WARN_ABOUT_RETURN_TYPE = YES_ERROR;
				GCC_WARN_UNDECLARED_SELECTOR = YES;
				GCC_WARN_UNINITIALIZED_AUTOS = YES_AGGRESSIVE;
				GCC_WARN_UNUSED_FUNCTION = YES;
				GCC_WARN_UNUSED_VARIABLE = YES;
				IPHONEOS_DEPLOYMENT_TARGET = 8.4;
				MTL_ENABLE_DEBUG_INFO = NO;
				SDKROOT = iphoneos;
				VALIDATE_PRODUCT = YES;
			};
			name = Release;
		};
		F5754CDB1B7837C40005FEB1 /* Debug */ = {
			isa = XCBuildConfiguration;
			buildSettings = {
				ASSETCATALOG_COMPILER_APPICON_NAME = AppIcon;
				INFOPLIST_FILE = LGGNetwork/Info.plist;
				IPHONEOS_DEPLOYMENT_TARGET = 7.0;
				LD_RUNPATH_SEARCH_PATHS = "$(inherited) @executable_path/Frameworks";
				PRODUCT_NAME = "$(TARGET_NAME)";
			};
			name = Debug;
		};
		F5754CDC1B7837C40005FEB1 /* Release */ = {
			isa = XCBuildConfiguration;
			buildSettings = {
				ASSETCATALOG_COMPILER_APPICON_NAME = AppIcon;
				INFOPLIST_FILE = LGGNetwork/Info.plist;
				IPHONEOS_DEPLOYMENT_TARGET = 7.0;
				LD_RUNPATH_SEARCH_PATHS = "$(inherited) @executable_path/Frameworks";
				PRODUCT_NAME = "$(TARGET_NAME)";
			};
			name = Release;
		};
		F5754CDE1B7837C40005FEB1 /* Debug */ = {
			isa = XCBuildConfiguration;
			buildSettings = {
				BUNDLE_LOADER = "$(TEST_HOST)";
				FRAMEWORK_SEARCH_PATHS = (
					"$(SDKROOT)/Developer/Library/Frameworks",
					"$(inherited)",
				);
				GCC_PREPROCESSOR_DEFINITIONS = (
					"DEBUG=1",
					"$(inherited)",
				);
				INFOPLIST_FILE = LGGNetworkTests/Info.plist;
				LD_RUNPATH_SEARCH_PATHS = "$(inherited) @executable_path/Frameworks @loader_path/Frameworks";
				PRODUCT_NAME = "$(TARGET_NAME)";
				TEST_HOST = "$(BUILT_PRODUCTS_DIR)/LGGNetwork.app/LGGNetwork";
			};
			name = Debug;
		};
		F5754CDF1B7837C40005FEB1 /* Release */ = {
			isa = XCBuildConfiguration;
			buildSettings = {
				BUNDLE_LOADER = "$(TEST_HOST)";
				FRAMEWORK_SEARCH_PATHS = (
					"$(SDKROOT)/Developer/Library/Frameworks",
					"$(inherited)",
				);
				INFOPLIST_FILE = LGGNetworkTests/Info.plist;
				LD_RUNPATH_SEARCH_PATHS = "$(inherited) @executable_path/Frameworks @loader_path/Frameworks";
				PRODUCT_NAME = "$(TARGET_NAME)";
				TEST_HOST = "$(BUILT_PRODUCTS_DIR)/LGGNetwork.app/LGGNetwork";
			};
			name = Release;
		};
/* End XCBuildConfiguration section */

/* Begin XCConfigurationList section */
		F5754CB21B7837C40005FEB1 /* Build configuration list for PBXProject "LGGNetwork" */ = {
			isa = XCConfigurationList;
			buildConfigurations = (
				F5754CD81B7837C40005FEB1 /* Debug */,
				F5754CD91B7837C40005FEB1 /* Release */,
			);
			defaultConfigurationIsVisible = 0;
			defaultConfigurationName = Release;
		};
		F5754CDA1B7837C40005FEB1 /* Build configuration list for PBXNativeTarget "LGGNetwork" */ = {
			isa = XCConfigurationList;
			buildConfigurations = (
				F5754CDB1B7837C40005FEB1 /* Debug */,
				F5754CDC1B7837C40005FEB1 /* Release */,
			);
			defaultConfigurationIsVisible = 0;
			defaultConfigurationName = Release;
		};
		F5754CDD1B7837C40005FEB1 /* Build configuration list for PBXNativeTarget "LGGNetworkTests" */ = {
			isa = XCConfigurationList;
			buildConfigurations = (
				F5754CDE1B7837C40005FEB1 /* Debug */,
				F5754CDF1B7837C40005FEB1 /* Release */,
			);
			defaultConfigurationIsVisible = 0;
			defaultConfigurationName = Release;
		};
/* End XCConfigurationList section */
	};
	rootObject = F5754CAF1B7837C40005FEB1 /* Project object */;
}
